// !$*UTF8*$!
{
	archiveVersion = 1;
	classes = {
	};
	objectVersion = 77;
	objects = {

/* Begin PBXBuildFile section */
		3C729C812F3A0A8E005B1C5D /* GoogleGenerativeAI in Frameworks */ = {isa = PBXBuildFile; productRef = 3C729C802F3A0A8E005B1C5D /* GoogleGenerativeAI */; };
		3C729C8E2F3AA3B3005B1C5D /* Config.xcconfig in Resources */ = {isa = PBXBuildFile; fileRef = 3C729C8D2F3AA3A2005B1C5D /* Config.xcconfig */; };
		3C729C922F3AA5D4005B1C5D /* .gitignore in Resources */ = {isa = PBXBuildFile; fileRef = 3C729C912F3AA5CA005B1C5D /* .gitignore */; };
		3C729C942F3AA723005B1C5D /* README.md in Resources */ = {isa = PBXBuildFile; fileRef = 3C729C932F3AA717005B1C5D /* README.md */; };
		3CF6F2B42F3551E80065839F /* FirebaseAILogic in Frameworks */ = {isa = PBXBuildFile; productRef = 3CF6F2B32F3551E80065839F /* FirebaseAILogic */; };
		3CF6F2B62F3551E80065839F /* FirebaseAppCheck in Frameworks */ = {isa = PBXBuildFile; productRef = 3CF6F2B52F3551E80065839F /* FirebaseAppCheck */; };
		3CF6F2B82F3551E80065839F /* FirebaseStorage in Frameworks */ = {isa = PBXBuildFile; productRef = 3CF6F2B72F3551E80065839F /* FirebaseStorage */; };
/* End PBXBuildFile section */

/* Begin PBXContainerItemProxy section */
		3CF6F2962F35506E0065839F /* PBXContainerItemProxy */ = {
			isa = PBXContainerItemProxy;
			containerPortal = 3CF6F27C2F35506C0065839F /* Project object */;
			proxyType = 1;
			remoteGlobalIDString = 3CF6F2832F35506C0065839F;
			remoteInfo = spinning;
		};
		3CF6F2A02F35506E0065839F /* PBXContainerItemProxy */ = {
			isa = PBXContainerItemProxy;
			containerPortal = 3CF6F27C2F35506C0065839F /* Project object */;
			proxyType = 1;
			remoteGlobalIDString = 3CF6F2832F35506C0065839F;
			remoteInfo = spinning;
		};
/* End PBXContainerItemProxy section */

/* Begin PBXFileReference section */
		3C729C8D2F3AA3A2005B1C5D /* Config.xcconfig */ = {isa = PBXFileReference; lastKnownFileType = text.xcconfig; path = Config.xcconfig; sourceTree = "<group>"; };
		3C729C912F3AA5CA005B1C5D /* .gitignore */ = {isa = PBXFileReference; lastKnownFileType = text; path = .gitignore; sourceTree = "<group>"; };
		3C729C932F3AA717005B1C5D /* README.md */ = {isa = PBXFileReference; lastKnownFileType = net.daringfireball.markdown; path = README.md; sourceTree = "<group>"; };
		3CF6F2842F35506C0065839F /* spinning.app */ = {isa = PBXFileReference; explicitFileType = wrapper.application; includeInIndex = 0; path = spinning.app; sourceTree = BUILT_PRODUCTS_DIR; };
		3CF6F2952F35506E0065839F /* spinningTests.xctest */ = {isa = PBXFileReference; explicitFileType = wrapper.cfbundle; includeInIndex = 0; path = spinningTests.xctest; sourceTree = BUILT_PRODUCTS_DIR; };
		3CF6F29F2F35506E0065839F /* spinningUITests.xctest */ = {isa = PBXFileReference; explicitFileType = wrapper.cfbundle; includeInIndex = 0; path = spinningUITests.xctest; sourceTree = BUILT_PRODUCTS_DIR; };
/* End PBXFileReference section */

/* Begin PBXFileSystemSynchronizedBuildFileExceptionSet section */
		3C729C902F3AA4B4005B1C5D /* Exceptions for "spinning" folder in "spinning" target */ = {
			isa = PBXFileSystemSynchronizedBuildFileExceptionSet;
			membershipExceptions = (
				Info.plist,
			);
			target = 3CF6F2832F35506C0065839F /* spinning */;
		};
/* End PBXFileSystemSynchronizedBuildFileExceptionSet section */

/* Begin PBXFileSystemSynchronizedRootGroup section */
		3C729C952F3AAC3E005B1C5D /* Screenshots */ = {
			isa = PBXFileSystemSynchronizedRootGroup;
			path = Screenshots;
			sourceTree = "<group>";
		};
		3CF6F2862F35506C0065839F /* spinning */ = {
			isa = PBXFileSystemSynchronizedRootGroup;
			exceptions = (
				3C729C902F3AA4B4005B1C5D /* Exceptions for "spinning" folder in "spinning" target */,
			);
			path = spinning;
			sourceTree = "<group>";
		};
		3CF6F2982F35506E0065839F /* spinningTests */ = {
			isa = PBXFileSystemSynchronizedRootGroup;
			path = spinningTests;
			sourceTree = "<group>";
		};
		3CF6F2A22F35506E0065839F /* spinningUITests */ = {
			isa = PBXFileSystemSynchronizedRootGroup;
			path = spinningUITests;
			sourceTree = "<group>";
		};
/* End PBXFileSystemSynchronizedRootGroup section */

/* Begin PBXFrameworksBuildPhase section */
		3CF6F2812F35506C0065839F /* Frameworks */ = {
			isa = PBXFrameworksBuildPhase;
			buildActionMask = 2147483647;
			files = (
				3CF6F2B62F3551E80065839F /* FirebaseAppCheck in Frameworks */,
				3CF6F2B42F3551E80065839F /* FirebaseAILogic in Frameworks */,
				3CF6F2B82F3551E80065839F /* FirebaseStorage in Frameworks */,
				3C729C812F3A0A8E005B1C5D /* GoogleGenerativeAI in Frameworks */,
			);
			runOnlyForDeploymentPostprocessing = 0;
		};
		3CF6F2922F35506E0065839F /* Frameworks */ = {
			isa = PBXFrameworksBuildPhase;
			buildActionMask = 2147483647;
			files = (
			);
			runOnlyForDeploymentPostprocessing = 0;
		};
		3CF6F29C2F35506E0065839F /* Frameworks */ = {
			isa = PBXFrameworksBuildPhase;
			buildActionMask = 2147483647;
			files = (
			);
			runOnlyForDeploymentPostprocessing = 0;
		};
/* End PBXFrameworksBuildPhase section */

/* Begin PBXGroup section */
		3C729C7F2F3A0A8E005B1C5D /* Frameworks */ = {
			isa = PBXGroup;
			children = (
			);
			name = Frameworks;
			sourceTree = "<group>";
		};
		3CF6F27B2F35506C0065839F = {
			isa = PBXGroup;
			children = (
				3C729C952F3AAC3E005B1C5D /* Screenshots */,
				3C729C912F3AA5CA005B1C5D /* .gitignore */,
				3C729C8D2F3AA3A2005B1C5D /* Config.xcconfig */,
				3CF6F2862F35506C0065839F /* spinning */,
				3CF6F2982F35506E0065839F /* spinningTests */,
				3CF6F2A22F35506E0065839F /* spinningUITests */,
				3CF6F2852F35506C0065839F /* Products */,
				3C729C7F2F3A0A8E005B1C5D /* Frameworks */,
				3C729C932F3AA717005B1C5D /* README.md */,
			);
			sourceTree = "<group>";
		};
		3CF6F2852F35506C0065839F /* Products */ = {
			isa = PBXGroup;
			children = (
				3CF6F2842F35506C0065839F /* spinning.app */,
				3CF6F2952F35506E0065839F /* spinningTests.xctest */,
				3CF6F29F2F35506E0065839F /* spinningUITests.xctest */,
			);
			name = Products;
			sourceTree = "<group>";
		};
/* End PBXGroup section */

/* Begin PBXNativeTarget section */
		3CF6F2832F35506C0065839F /* spinning */ = {
			isa = PBXNativeTarget;
			buildConfigurationList = 3CF6F2A92F35506E0065839F /* Build configuration list for PBXNativeTarget "spinning" */;
			buildPhases = (
				3CF6F2802F35506C0065839F /* Sources */,
				3CF6F2812F35506C0065839F /* Frameworks */,
				3CF6F2822F35506C0065839F /* Resources */,
			);
			buildRules = (
			);
			dependencies = (
			);
			fileSystemSynchronizedGroups = (
				3C729C952F3AAC3E005B1C5D /* Screenshots */,
				3CF6F2862F35506C0065839F /* spinning */,
			);
			name = spinning;
			packageProductDependencies = (
				3CF6F2B32F3551E80065839F /* FirebaseAILogic */,
				3CF6F2B52F3551E80065839F /* FirebaseAppCheck */,
				3CF6F2B72F3551E80065839F /* FirebaseStorage */,
				3C729C802F3A0A8E005B1C5D /* GoogleGenerativeAI */,
			);
			productName = spinning;
			productReference = 3CF6F2842F35506C0065839F /* spinning.app */;
			productType = "com.apple.product-type.application";
		};
		3CF6F2942F35506E0065839F /* spinningTests */ = {
			isa = PBXNativeTarget;
			buildConfigurationList = 3CF6F2AC2F35506E0065839F /* Build configuration list for PBXNativeTarget "spinningTests" */;
			buildPhases = (
				3CF6F2912F35506E0065839F /* Sources */,
				3CF6F2922F35506E0065839F /* Frameworks */,
				3CF6F2932F35506E0065839F /* Resources */,
			);
			buildRules = (
			);
			dependencies = (
				3CF6F2972F35506E0065839F /* PBXTargetDependency */,
			);
			fileSystemSynchronizedGroups = (
				3CF6F2982F35506E0065839F /* spinningTests */,
			);
			name = spinningTests;
			packageProductDependencies = (
			);
			productName = spinningTests;
			productReference = 3CF6F2952F35506E0065839F /* spinningTests.xctest */;
			productType = "com.apple.product-type.bundle.unit-test";
		};
		3CF6F29E2F35506E0065839F /* spinningUITests */ = {
			isa = PBXNativeTarget;
			buildConfigurationList = 3CF6F2AF2F35506E0065839F /* Build configuration list for PBXNativeTarget "spinningUITests" */;
			buildPhases = (
				3CF6F29B2F35506E0065839F /* Sources */,
				3CF6F29C2F35506E0065839F /* Frameworks */,
				3CF6F29D2F35506E0065839F /* Resources */,
			);
			buildRules = (
			);
			dependencies = (
				3CF6F2A12F35506E0065839F /* PBXTargetDependency */,
			);
			fileSystemSynchronizedGroups = (
				3CF6F2A22F35506E0065839F /* spinningUITests */,
			);
			name = spinningUITests;
			packageProductDependencies = (
			);
			productName = spinningUITests;
			productReference = 3CF6F29F2F35506E0065839F /* spinningUITests.xctest */;
			productType = "com.apple.product-type.bundle.ui-testing";
		};
/* End PBXNativeTarget section */

/* Begin PBXProject section */
		3CF6F27C2F35506C0065839F /* Project object */ = {
			isa = PBXProject;
			attributes = {
				BuildIndependentTargetsInParallel = 1;
				LastSwiftUpdateCheck = 1610;
				LastUpgradeCheck = 1610;
				TargetAttributes = {
					3CF6F2832F35506C0065839F = {
						CreatedOnToolsVersion = 16.1;
					};
					3CF6F2942F35506E0065839F = {
						CreatedOnToolsVersion = 16.1;
						TestTargetID = 3CF6F2832F35506C0065839F;
					};
					3CF6F29E2F35506E0065839F = {
						CreatedOnToolsVersion = 16.1;
						TestTargetID = 3CF6F2832F35506C0065839F;
					};
				};
			};
			buildConfigurationList = 3CF6F27F2F35506C0065839F /* Build configuration list for PBXProject "spinning" */;
			developmentRegion = en;
			hasScannedForEncodings = 0;
			knownRegions = (
				en,
				Base,
			);
			mainGroup = 3CF6F27B2F35506C0065839F;
			minimizedProjectReferenceProxies = 1;
			packageReferences = (
				3CF6F2B22F3551E80065839F /* XCRemoteSwiftPackageReference "firebase-ios-sdk" */,
				3C729C7B2F3A043A005B1C5D /* XCRemoteSwiftPackageReference "generative-ai-swift" */,
			);
			preferredProjectObjectVersion = 77;
			productRefGroup = 3CF6F2852F35506C0065839F /* Products */;
			projectDirPath = "";
			projectRoot = "";
			targets = (
				3CF6F2832F35506C0065839F /* spinning */,
				3CF6F2942F35506E0065839F /* spinningTests */,
				3CF6F29E2F35506E0065839F /* spinningUITests */,
			);
		};
/* End PBXProject section */

/* Begin PBXResourcesBuildPhase section */
		3CF6F2822F35506C0065839F /* Resources */ = {
			isa = PBXResourcesBuildPhase;
			buildActionMask = 2147483647;
			files = (
				3C729C922F3AA5D4005B1C5D /* .gitignore in Resources */,
				3C729C8E2F3AA3B3005B1C5D /* Config.xcconfig in Resources */,
				3C729C942F3AA723005B1C5D /* README.md in Resources */,
			);
			runOnlyForDeploymentPostprocessing = 0;
		};
		3CF6F2932F35506E0065839F /* Resources */ = {
			isa = PBXResourcesBuildPhase;
			buildActionMask = 2147483647;
			files = (
			);
			runOnlyForDeploymentPostprocessing = 0;
		};
		3CF6F29D2F35506E0065839F /* Resources */ = {
			isa = PBXResourcesBuildPhase;
			buildActionMask = 2147483647;
			files = (
			);
			runOnlyForDeploymentPostprocessing = 0;
		};
/* End PBXResourcesBuildPhase section */

/* Begin PBXSourcesBuildPhase section */
		3CF6F2802F35506C0065839F /* Sources */ = {
			isa = PBXSourcesBuildPhase;
			buildActionMask = 2147483647;
			files = (
			);
			runOnlyForDeploymentPostprocessing = 0;
		};
		3CF6F2912F35506E0065839F /* Sources */ = {
			isa = PBXSourcesBuildPhase;
			buildActionMask = 2147483647;
			files = (
			);
			runOnlyForDeploymentPostprocessing = 0;
		};
		3CF6F29B2F35506E0065839F /* Sources */ = {
			isa = PBXSourcesBuildPhase;
			buildActionMask = 2147483647;
			files = (
			);
			runOnlyForDeploymentPostprocessing = 0;
		};
/* End PBXSourcesBuildPhase section */

/* Begin PBXTargetDependency section */
		3CF6F2972F35506E0065839F /* PBXTargetDependency */ = {
			isa = PBXTargetDependency;
			target = 3CF6F2832F35506C0065839F /* spinning */;
			targetProxy = 3CF6F2962F35506E0065839F /* PBXContainerItemProxy */;
		};
		3CF6F2A12F35506E0065839F /* PBXTargetDependency */ = {
			isa = PBXTargetDependency;
			target = 3CF6F2832F35506C0065839F /* spinning */;
			targetProxy = 3CF6F2A02F35506E0065839F /* PBXContainerItemProxy */;
		};
/* End PBXTargetDependency section */

/* Begin XCBuildConfiguration section */
		3CF6F2A72F35506E0065839F /* Debug */ = {
			isa = XCBuildConfiguration;
			buildSettings = {
				ALWAYS_SEARCH_USER_PATHS = NO;
				ASSETCATALOG_COMPILER_GENERATE_SWIFT_ASSET_SYMBOL_EXTENSIONS = YES;
				CLANG_ANALYZER_NONNULL = YES;
				CLANG_ANALYZER_NUMBER_OBJECT_CONVERSION = YES_AGGRESSIVE;
				CLANG_CXX_LANGUAGE_STANDARD = "gnu++20";
				CLANG_ENABLE_MODULES = YES;
				CLANG_ENABLE_OBJC_ARC = YES;
				CLANG_ENABLE_OBJC_WEAK = YES;
				CLANG_WARN_BLOCK_CAPTURE_AUTORELEASING = YES;
				CLANG_WARN_BOOL_CONVERSION = YES;
				CLANG_WARN_COMMA = YES;
				CLANG_WARN_CONSTANT_CONVERSION = YES;
				CLANG_WARN_DEPRECATED_OBJC_IMPLEMENTATIONS = YES;
				CLANG_WARN_DIRECT_OBJC_ISA_USAGE = YES_ERROR;
				CLANG_WARN_DOCUMENTATION_COMMENTS = YES;
				CLANG_WARN_EMPTY_BODY = YES;
				CLANG_WARN_ENUM_CONVERSION = YES;
				CLANG_WARN_INFINITE_RECURSION = YES;
				CLANG_WARN_INT_CONVERSION = YES;
				CLANG_WARN_NON_LITERAL_NULL_CONVERSION = YES;
				CLANG_WARN_OBJC_IMPLICIT_RETAIN_SELF = YES;
				CLANG_WARN_OBJC_LITERAL_CONVERSION = YES;
				CLANG_WARN_OBJC_ROOT_CLASS = YES_ERROR;
				CLANG_WARN_QUOTED_INCLUDE_IN_FRAMEWORK_HEADER = YES;
				CLANG_WARN_RANGE_LOOP_ANALYSIS = YES;
				CLANG_WARN_STRICT_PROTOTYPES = YES;
				CLANG_WARN_SUSPICIOUS_MOVE = YES;
				CLANG_WARN_UNGUARDED_AVAILABILITY = YES_AGGRESSIVE;
				CLANG_WARN_UNREACHABLE_CODE = YES;
				CLANG_WARN__DUPLICATE_METHOD_MATCH = YES;
				COPY_PHASE_STRIP = NO;
				DEBUG_INFORMATION_FORMAT = dwarf;
				ENABLE_STRICT_OBJC_MSGSEND = YES;
				ENABLE_TESTABILITY = YES;
				ENABLE_USER_SCRIPT_SANDBOXING = YES;
				GCC_C_LANGUAGE_STANDARD = gnu17;
				GCC_DYNAMIC_NO_PIC = NO;
				GCC_NO_COMMON_BLOCKS = YES;
				GCC_OPTIMIZATION_LEVEL = 0;
				GCC_PREPROCESSOR_DEFINITIONS = (
					"DEBUG=1",
					"$(inherited)",
				);
				GCC_WARN_64_TO_32_BIT_CONVERSION = YES;
				GCC_WARN_ABOUT_RETURN_TYPE = YES_ERROR;
				GCC_WARN_UNDECLARED_SELECTOR = YES;
				GCC_WARN_UNINITIALIZED_AUTOS = YES_AGGRESSIVE;
				GCC_WARN_UNUSED_FUNCTION = YES;
				GCC_WARN_UNUSED_VARIABLE = YES;
				LOCALIZATION_PREFERS_STRING_CATALOGS = YES;
				MTL_ENABLE_DEBUG_INFO = INCLUDE_SOURCE;
				MTL_FAST_MATH = YES;
				ONLY_ACTIVE_ARCH = YES;
				SWIFT_ACTIVE_COMPILATION_CONDITIONS = "DEBUG $(inherited)";
				SWIFT_OPTIMIZATION_LEVEL = "-Onone";
			};
			name = Debug;
		};
		3CF6F2A82F35506E0065839F /* Release */ = {
			isa = XCBuildConfiguration;
			buildSettings = {
				ALWAYS_SEARCH_USER_PATHS = NO;
				ASSETCATALOG_COMPILER_GENERATE_SWIFT_ASSET_SYMBOL_EXTENSIONS = YES;
				CLANG_ANALYZER_NONNULL = YES;
				CLANG_ANALYZER_NUMBER_OBJECT_CONVERSION = YES_AGGRESSIVE;
				CLANG_CXX_LANGUAGE_STANDARD = "gnu++20";
				CLANG_ENABLE_MODULES = YES;
				CLANG_ENABLE_OBJC_ARC = YES;
				CLANG_ENABLE_OBJC_WEAK = YES;
				CLANG_WARN_BLOCK_CAPTURE_AUTORELEASING = YES;
				CLANG_WARN_BOOL_CONVERSION = YES;
				CLANG_WARN_COMMA = YES;
				CLANG_WARN_CONSTANT_CONVERSION = YES;
				CLANG_WARN_DEPRECATED_OBJC_IMPLEMENTATIONS = YES;
				CLANG_WARN_DIRECT_OBJC_ISA_USAGE = YES_ERROR;
				CLANG_WARN_DOCUMENTATION_COMMENTS = YES;
				CLANG_WARN_EMPTY_BODY = YES;
				CLANG_WARN_ENUM_CONVERSION = YES;
				CLANG_WARN_INFINITE_RECURSION = YES;
				CLANG_WARN_INT_CONVERSION = YES;
				CLANG_WARN_NON_LITERAL_NULL_CONVERSION = YES;
				CLANG_WARN_OBJC_IMPLICIT_RETAIN_SELF = YES;
				CLANG_WARN_OBJC_LITERAL_CONVERSION = YES;
				CLANG_WARN_OBJC_ROOT_CLASS = YES_ERROR;
				CLANG_WARN_QUOTED_INCLUDE_IN_FRAMEWORK_HEADER = YES;
				CLANG_WARN_RANGE_LOOP_ANALYSIS = YES;
				CLANG_WARN_STRICT_PROTOTYPES = YES;
				CLANG_WARN_SUSPICIOUS_MOVE = YES;
				CLANG_WARN_UNGUARDED_AVAILABILITY = YES_AGGRESSIVE;
				CLANG_WARN_UNREACHABLE_CODE = YES;
				CLANG_WARN__DUPLICATE_METHOD_MATCH = YES;
				COPY_PHASE_STRIP = NO;
				DEBUG_INFORMATION_FORMAT = "dwarf-with-dsym";
				ENABLE_NS_ASSERTIONS = NO;
				ENABLE_STRICT_OBJC_MSGSEND = YES;
				ENABLE_USER_SCRIPT_SANDBOXING = YES;
				GCC_C_LANGUAGE_STANDARD = gnu17;
				GCC_NO_COMMON_BLOCKS = YES;
				GCC_WARN_64_TO_32_BIT_CONVERSION = YES;
				GCC_WARN_ABOUT_RETURN_TYPE = YES_ERROR;
				GCC_WARN_UNDECLARED_SELECTOR = YES;
				GCC_WARN_UNINITIALIZED_AUTOS = YES_AGGRESSIVE;
				GCC_WARN_UNUSED_FUNCTION = YES;
				GCC_WARN_UNUSED_VARIABLE = YES;
				LOCALIZATION_PREFERS_STRING_CATALOGS = YES;
				MTL_ENABLE_DEBUG_INFO = NO;
				MTL_FAST_MATH = YES;
				SWIFT_COMPILATION_MODE = wholemodule;
			};
			name = Release;
		};
		3CF6F2AA2F35506E0065839F /* Debug */ = {
			isa = XCBuildConfiguration;
			baseConfigurationReference = 3C729C8D2F3AA3A2005B1C5D /* Config.xcconfig */;
			buildSettings = {
				ASSETCATALOG_COMPILER_APPICON_NAME = AppIcon;
				ASSETCATALOG_COMPILER_GLOBAL_ACCENT_COLOR_NAME = AccentColor;
				CODE_SIGN_ENTITLEMENTS = spinning/spinning.entitlements;
				CODE_SIGN_STYLE = Automatic;
				CURRENT_PROJECT_VERSION = 1;
				DEVELOPMENT_ASSET_PATHS = "\"spinning/Preview Content\"";
				DEVELOPMENT_TEAM = Y9CCARRPH4;
				ENABLE_PREVIEWS = YES;
				GENERATE_INFOPLIST_FILE = YES;
				INFOPLIST_FILE = spinning/Info.plist;
				INFOPLIST_KEY_NSCameraUsageDescription = "";
				INFOPLIST_KEY_NSMicrophoneUsageDescription = UIInterfaceOrientationPortrait;
				INFOPLIST_KEY_NSMotionUsageDescription = "";
				INFOPLIST_KEY_UIApplicationSceneManifest_Generation = YES;
				"INFOPLIST_KEY_UIApplicationSceneManifest_Generation[sdk=iphoneos*]" = YES;
				"INFOPLIST_KEY_UIApplicationSceneManifest_Generation[sdk=iphonesimulator*]" = YES;
				INFOPLIST_KEY_UIApplicationSupportsIndirectInputEvents = YES;
				"INFOPLIST_KEY_UIApplicationSupportsIndirectInputEvents[sdk=iphoneos*]" = YES;
				"INFOPLIST_KEY_UIApplicationSupportsIndirectInputEvents[sdk=iphonesimulator*]" = YES;
				INFOPLIST_KEY_UILaunchScreen_Generation = YES;
				"INFOPLIST_KEY_UILaunchScreen_Generation[sdk=iphoneos*]" = YES;
				"INFOPLIST_KEY_UILaunchScreen_Generation[sdk=iphonesimulator*]" = YES;
				INFOPLIST_KEY_UIStatusBarStyle = UIStatusBarStyleDefault;
				"INFOPLIST_KEY_UIStatusBarStyle[sdk=iphoneos*]" = UIStatusBarStyleDefault;
				"INFOPLIST_KEY_UIStatusBarStyle[sdk=iphonesimulator*]" = UIStatusBarStyleDefault;
				INFOPLIST_KEY_UISupportedInterfaceOrientations = UIInterfaceOrientationPortrait;
				INFOPLIST_KEY_UISupportedInterfaceOrientations_iPad = "UIInterfaceOrientationLandscapeLeft UIInterfaceOrientationLandscapeRight UIInterfaceOrientationPortrait UIInterfaceOrientationPortraitUpsideDown";
				IPHONEOS_DEPLOYMENT_TARGET = 18.1;
				LD_RUNPATH_SEARCH_PATHS = "@executable_path/Frameworks";
				"LD_RUNPATH_SEARCH_PATHS[sdk=macosx*]" = "@executable_path/../Frameworks";
				MACOSX_DEPLOYMENT_TARGET = 15.1;
				MARKETING_VERSION = 1.0;
				PRODUCT_BUNDLE_IDENTIFIER = com.g3hackathon.spinning;
				PRODUCT_NAME = "$(TARGET_NAME)";
				SDKROOT = iphoneos;
				SUPPORTED_PLATFORMS = "iphoneos iphonesimulator xros xrsimulator";
				SUPPORTS_MACCATALYST = NO;
				SWIFT_EMIT_LOC_STRINGS = YES;
				SWIFT_VERSION = 5.0;
				TARGETED_DEVICE_FAMILY = "1,2,7";
				XROS_DEPLOYMENT_TARGET = 2.1;
			};
			name = Debug;
		};
		3CF6F2AB2F35506E0065839F /* Release */ = {
			isa = XCBuildConfiguration;
			baseConfigurationReference = 3C729C8D2F3AA3A2005B1C5D /* Config.xcconfig */;
			buildSettings = {
				ASSETCATALOG_COMPILER_APPICON_NAME = AppIcon;
				ASSETCATALOG_COMPILER_GLOBAL_ACCENT_COLOR_NAME = AccentColor;
				CODE_SIGN_ENTITLEMENTS = spinning/spinning.entitlements;
				CODE_SIGN_STYLE = Automatic;
				CURRENT_PROJECT_VERSION = 1;
				DEVELOPMENT_ASSET_PATHS = "\"spinning/Preview Content\"";
				DEVELOPMENT_TEAM = Y9CCARRPH4;
				ENABLE_PREVIEWS = YES;
				GENERATE_INFOPLIST_FILE = YES;
				INFOPLIST_FILE = spinning/Info.plist;
				INFOPLIST_KEY_NSCameraUsageDescription = "";
				INFOPLIST_KEY_NSMicrophoneUsageDescription = UIInterfaceOrientationPortrait;
				INFOPLIST_KEY_NSMotionUsageDescription = "";
				INFOPLIST_KEY_UIApplicationSceneManifest_Generation = YES;
				"INFOPLIST_KEY_UIApplicationSceneManifest_Generation[sdk=iphoneos*]" = YES;
				"INFOPLIST_KEY_UIApplicationSceneManifest_Generation[sdk=iphonesimulator*]" = YES;
				INFOPLIST_KEY_UIApplicationSupportsIndirectInputEvents = YES;
				"INFOPLIST_KEY_UIApplicationSupportsIndirectInputEvents[sdk=iphoneos*]" = YES;
				"INFOPLIST_KEY_UIApplicationSupportsIndirectInputEvents[sdk=iphonesimulator*]" = YES;
				INFOPLIST_KEY_UILaunchScreen_Generation = YES;
				"INFOPLIST_KEY_UILaunchScreen_Generation[sdk=iphoneos*]" = YES;
				"INFOPLIST_KEY_UILaunchScreen_Generation[sdk=iphonesimulator*]" = YES;
				INFOPLIST_KEY_UIStatusBarStyle = UIStatusBarStyleDefault;
				"INFOPLIST_KEY_UIStatusBarStyle[sdk=iphoneos*]" = UIStatusBarStyleDefault;
				"INFOPLIST_KEY_UIStatusBarStyle[sdk=iphonesimulator*]" = UIStatusBarStyleDefault;
				INFOPLIST_KEY_UISupportedInterfaceOrientations = UIInterfaceOrientationPortrait;
				INFOPLIST_KEY_UISupportedInterfaceOrientations_iPad = "UIInterfaceOrientationLandscapeLeft UIInterfaceOrientationLandscapeRight UIInterfaceOrientationPortrait UIInterfaceOrientationPortraitUpsideDown";
				IPHONEOS_DEPLOYMENT_TARGET = 18.1;
				LD_RUNPATH_SEARCH_PATHS = "@executable_path/Frameworks";
				"LD_RUNPATH_SEARCH_PATHS[sdk=macosx*]" = "@executable_path/../Frameworks";
				MACOSX_DEPLOYMENT_TARGET = 15.1;
				MARKETING_VERSION = 1.0;
				PRODUCT_BUNDLE_IDENTIFIER = com.g3hackathon.spinning;
				PRODUCT_NAME = "$(TARGET_NAME)";
				SDKROOT = iphoneos;
				SUPPORTED_PLATFORMS = "iphoneos iphonesimulator xros xrsimulator";
				SUPPORTS_MACCATALYST = NO;
				SWIFT_EMIT_LOC_STRINGS = YES;
				SWIFT_VERSION = 5.0;
				TARGETED_DEVICE_FAMILY = "1,2,7";
				XROS_DEPLOYMENT_TARGET = 2.1;
			};
			name = Release;
		};
		3CF6F2AD2F35506E0065839F /* Debug */ = {
			isa = XCBuildConfiguration;
			buildSettings = {
				BUNDLE_LOADER = "$(TEST_HOST)";
				CODE_SIGN_STYLE = Automatic;
				CURRENT_PROJECT_VERSION = 1;
				GENERATE_INFOPLIST_FILE = YES;
				IPHONEOS_DEPLOYMENT_TARGET = 18.1;
				MACOSX_DEPLOYMENT_TARGET = 15.1;
				MARKETING_VERSION = 1.0;
				PRODUCT_BUNDLE_IDENTIFIER = com.g3hackathon.spinningTests;
				PRODUCT_NAME = "$(TARGET_NAME)";
				SDKROOT = auto;
				SUPPORTED_PLATFORMS = "iphoneos iphonesimulator macosx xros xrsimulator";
				SWIFT_EMIT_LOC_STRINGS = NO;
				SWIFT_VERSION = 5.0;
				TARGETED_DEVICE_FAMILY = "1,2,7";
				TEST_HOST = "$(BUILT_PRODUCTS_DIR)/spinning.app/$(BUNDLE_EXECUTABLE_FOLDER_PATH)/spinning";
				XROS_DEPLOYMENT_TARGET = 2.1;
			};
			name = Debug;
		};
		3CF6F2AE2F35506E0065839F /* Release */ = {
			isa = XCBuildConfiguration;
			buildSettings = {
				BUNDLE_LOADER = "$(TEST_HOST)";
				CODE_SIGN_STYLE = Automatic;
				CURRENT_PROJECT_VERSION = 1;
				GENERATE_INFOPLIST_FILE = YES;
				IPHONEOS_DEPLOYMENT_TARGET = 18.1;
				MACOSX_DEPLOYMENT_TARGET = 15.1;
				MARKETING_VERSION = 1.0;
				PRODUCT_BUNDLE_IDENTIFIER = com.g3hackathon.spinningTests;
				PRODUCT_NAME = "$(TARGET_NAME)";
				SDKROOT = auto;
				SUPPORTED_PLATFORMS = "iphoneos iphonesimulator macosx xros xrsimulator";
				SWIFT_EMIT_LOC_STRINGS = NO;
				SWIFT_VERSION = 5.0;
				TARGETED_DEVICE_FAMILY = "1,2,7";
				TEST_HOST = "$(BUILT_PRODUCTS_DIR)/spinning.app/$(BUNDLE_EXECUTABLE_FOLDER_PATH)/spinning";
				XROS_DEPLOYMENT_TARGET = 2.1;
			};
			name = Release;
		};
		3CF6F2B02F35506E0065839F /* Debug */ = {
			isa = XCBuildConfiguration;
			buildSettings = {
				CODE_SIGN_STYLE = Automatic;
				CURRENT_PROJECT_VERSION = 1;
				GENERATE_INFOPLIST_FILE = YES;
				IPHONEOS_DEPLOYMENT_TARGET = 18.1;
				MACOSX_DEPLOYMENT_TARGET = 15.1;
				MARKETING_VERSION = 1.0;
				PRODUCT_BUNDLE_IDENTIFIER = com.g3hackathon.spinningUITests;
				PRODUCT_NAME = "$(TARGET_NAME)";
				SDKROOT = auto;
				SUPPORTED_PLATFORMS = "iphoneos iphonesimulator macosx xros xrsimulator";
				SWIFT_EMIT_LOC_STRINGS = NO;
				SWIFT_VERSION = 5.0;
				TARGETED_DEVICE_FAMILY = "1,2,7";
				TEST_TARGET_NAME = spinning;
				XROS_DEPLOYMENT_TARGET = 2.1;
			};
			name = Debug;
		};
		3CF6F2B12F35506E0065839F /* Release */ = {
			isa = XCBuildConfiguration;
			buildSettings = {
				CODE_SIGN_STYLE = Automatic;
				CURRENT_PROJECT_VERSION = 1;
				GENERATE_INFOPLIST_FILE = YES;
				IPHONEOS_DEPLOYMENT_TARGET = 18.1;
				MACOSX_DEPLOYMENT_TARGET = 15.1;
				MARKETING_VERSION = 1.0;
				PRODUCT_BUNDLE_IDENTIFIER = com.g3hackathon.spinningUITests;
				PRODUCT_NAME = "$(TARGET_NAME)";
				SDKROOT = auto;
				SUPPORTED_PLATFORMS = "iphoneos iphonesimulator macosx xros xrsimulator";
				SWIFT_EMIT_LOC_STRINGS = NO;
				SWIFT_VERSION = 5.0;
				TARGETED_DEVICE_FAMILY = "1,2,7";
				TEST_TARGET_NAME = spinning;
				XROS_DEPLOYMENT_TARGET = 2.1;
			};
			name = Release;
		};
/* End XCBuildConfiguration section */

/* Begin XCConfigurationList section */
		3CF6F27F2F35506C0065839F /* Build configuration list for PBXProject "spinning" */ = {
			isa = XCConfigurationList;
			buildConfigurations = (
				3CF6F2A72F35506E0065839F /* Debug */,
				3CF6F2A82F35506E0065839F /* Release */,
			);
			defaultConfigurationIsVisible = 0;
			defaultConfigurationName = Release;
		};
		3CF6F2A92F35506E0065839F /* Build configuration list for PBXNativeTarget "spinning" */ = {
			isa = XCConfigurationList;
			buildConfigurations = (
				3CF6F2AA2F35506E0065839F /* Debug */,
				3CF6F2AB2F35506E0065839F /* Release */,
			);
			defaultConfigurationIsVisible = 0;
			defaultConfigurationName = Release;
		};
		3CF6F2AC2F35506E0065839F /* Build configuration list for PBXNativeTarget "spinningTests" */ = {
			isa = XCConfigurationList;
			buildConfigurations = (
				3CF6F2AD2F35506E0065839F /* Debug */,
				3CF6F2AE2F35506E0065839F /* Release */,
			);
			defaultConfigurationIsVisible = 0;
			defaultConfigurationName = Release;
		};
		3CF6F2AF2F35506E0065839F /* Build configuration list for PBXNativeTarget "spinningUITests" */ = {
			isa = XCConfigurationList;
			buildConfigurations = (
				3CF6F2B02F35506E0065839F /* Debug */,
				3CF6F2B12F35506E0065839F /* Release */,
			);
			defaultConfigurationIsVisible = 0;
			defaultConfigurationName = Release;
		};
/* End XCConfigurationList section */

/* Begin XCRemoteSwiftPackageReference section */
		3C729C7B2F3A043A005B1C5D /* XCRemoteSwiftPackageReference "generative-ai-swift" */ = {
			isa = XCRemoteSwiftPackageReference;
			repositoryURL = "https://github.com/google/generative-ai-swift";
			requirement = {
				kind = upToNextMajorVersion;
				minimumVersion = 0.5.6;
			};
		};
		3CF6F2B22F3551E80065839F /* XCRemoteSwiftPackageReference "firebase-ios-sdk" */ = {
			isa = XCRemoteSwiftPackageReference;
			repositoryURL = "https://github.com/firebase/firebase-ios-sdk";
			requirement = {
				kind = upToNextMajorVersion;
				minimumVersion = 12.9.0;
			};
		};
/* End XCRemoteSwiftPackageReference section */

/* Begin XCSwiftPackageProductDependency section */
		3C729C802F3A0A8E005B1C5D /* GoogleGenerativeAI */ = {
			isa = XCSwiftPackageProductDependency;
			package = 3C729C7B2F3A043A005B1C5D /* XCRemoteSwiftPackageReference "generative-ai-swift" */;
			productName = GoogleGenerativeAI;
		};
		3CF6F2B32F3551E80065839F /* FirebaseAILogic */ = {
			isa = XCSwiftPackageProductDependency;
			package = 3CF6F2B22F3551E80065839F /* XCRemoteSwiftPackageReference "firebase-ios-sdk" */;
			productName = FirebaseAILogic;
		};
		3CF6F2B52F3551E80065839F /* FirebaseAppCheck */ = {
			isa = XCSwiftPackageProductDependency;
			package = 3CF6F2B22F3551E80065839F /* XCRemoteSwiftPackageReference "firebase-ios-sdk" */;
			productName = FirebaseAppCheck;
		};
		3CF6F2B72F3551E80065839F /* FirebaseStorage */ = {
			isa = XCSwiftPackageProductDependency;
			package = 3CF6F2B22F3551E80065839F /* XCRemoteSwiftPackageReference "firebase-ios-sdk" */;
			productName = FirebaseStorage;
		};
/* End XCSwiftPackageProductDependency section */
	};
	rootObject = 3CF6F27C2F35506C0065839F /* Project object */;
}
